<?xml version="1.0"?>
<CONFIG>
  <ProjectOptions>
    <Version Value="9"/>
    <General>
      <MainUnit Value="0"/>
      <ResourceType Value="res"/>
      <UseXPManifest Value="True"/>
      <Icon Value="0"/>
      <ActiveWindowIndexAtStart Value="0"/>
    </General>
    <i18n>
      <EnableI18N LFM="False"/>
    </i18n>
    <VersionInfo>
      <StringTable ProductVersion=""/>
    </VersionInfo>
    <BuildModes Count="1" Active="Default">
      <Item1 Name="Default" Default="True"/>
    </BuildModes>
    <PublishOptions>
      <Version Value="2"/>
      <IncludeFileFilter Value="*.(pas|pp|inc|lfm|lpr|lrs|lpi|lpk|sh|xml)"/>
      <ExcludeFileFilter Value="*.(bak|ppu|o|so);*~;backup"/>
    </PublishOptions>
    <RunParams>
      <local>
        <FormatVersion Value="1"/>
      </local>
    </RunParams>
    <RequiredPackages Count="4">
      <Item1>
        <PackageName Value="LazControls"/>
      </Item1>
      <Item2>
        <PackageName Value="zcomponent"/>
      </Item2>
      <Item3>
        <PackageName Value="LCLBase"/>
        <MinVersion Major="1" Valid="True" Release="1"/>
      </Item3>
      <Item4>
        <PackageName Value="LCL"/>
      </Item4>
    </RequiredPackages>
    <Units Count="5">
      <Unit0>
        <Filename Value="segment_test.lpr"/>
        <IsPartOfProject Value="True"/>
        <UnitName Value="segment_test"/>
        <EditorIndex Value="3"/>
        <WindowIndex Value="0"/>
        <TopLine Value="1"/>
        <CursorPos X="34" Y="10"/>
        <UsageCount Value="104"/>
        <Loaded Value="True"/>
      </Unit0>
      <Unit1>
        <Filename Value="frmsegment_test.pas"/>
        <IsPartOfProject Value="True"/>
        <ComponentName Value="frmMain"/>
        <ResourceBaseClass Value="Form"/>
        <UnitName Value="FrmSegment_Test"/>
        <IsVisibleTab Value="True"/>
        <EditorIndex Value="0"/>
        <WindowIndex Value="0"/>
        <TopLine Value="1"/>
        <CursorPos X="55" Y="3"/>
        <UsageCount Value="104"/>
        <Loaded Value="True"/>
      </Unit1>
      <Unit2>
        <Filename Value="segment.pas"/>
        <UnitName Value="Segment"/>
        <WindowIndex Value="0"/>
        <TopLine Value="168"/>
        <CursorPos X="3" Y="179"/>
        <UsageCount Value="51"/>
      </Unit2>
      <Unit3>
        <Filename Value="transdb.pas"/>
        <UnitName Value="transdb"/>
        <EditorIndex Value="1"/>
        <WindowIndex Value="0"/>
        <TopLine Value="69"/>
        <CursorPos X="70" Y="74"/>
        <UsageCount Value="33"/>
        <Loaded Value="True"/>
      </Unit3>
      <Unit4>
        <Filename Value="transconst.pas"/>
        <UnitName Value="TransConst"/>
        <EditorIndex Value="2"/>
        <WindowIndex Value="0"/>
        <TopLine Value="1"/>
        <CursorPos X="35" Y="3"/>
        <UsageCount Value="25"/>
        <Loaded Value="True"/>
      </Unit4>
    </Units>
    <JumpHistory Count="25" HistoryIndex="24">
      <Position1>
        <Filename Value="transdb.pas"/>
        <Caret Line="924" Column="43" TopLine="917"/>
      </Position1>
      <Position2>
        <Filename Value="transdb.pas"/>
        <Caret Line="213" Column="15" TopLine="198"/>
      </Position2>
      <Position3>
        <Filename Value="transdb.pas"/>
        <Caret Line="929" Column="41" TopLine="914"/>
      </Position3>
      <Position4>
        <Filename Value="transdb.pas"/>
        <Caret Line="924" Column="42" TopLine="920"/>
      </Position4>
      <Position5>
        <Filename Value="transdb.pas"/>
        <Caret Line="925" Column="1" TopLine="921"/>
      </Position5>
      <Position6>
        <Filename Value="transdb.pas"/>
        <Caret Line="935" Column="30" TopLine="920"/>
      </Position6>
      <Position7>
        <Filename Value="transdb.pas"/>
        <Caret Line="940" Column="22" TopLine="923"/>
      </Position7>
      <Position8>
        <Filename Value="transdb.pas"/>
        <Caret Line="938" Column="44" TopLine="923"/>
      </Position8>
      <Position9>
        <Filename Value="transdb.pas"/>
        <Caret Line="939" Column="27" TopLine="924"/>
      </Position9>
      <Position10>
        <Filename Value="transdb.pas"/>
        <Caret Line="938" Column="34" TopLine="923"/>
      </Position10>
      <Position11>
        <Filename Value="frmsegment_test.pas"/>
        <Caret Line="33" Column="88" TopLine="15"/>
      </Position11>
      <Position12>
        <Filename Value="transdb.pas"/>
        <Caret Line="50" Column="28" TopLine="37"/>
      </Position12>
      <Position13>
        <Filename Value="transdb.pas"/>
        <Caret Line="216" Column="12" TopLine="204"/>
      </Position13>
      <Position14>
        <Filename Value="transdb.pas"/>
        <Caret Line="979" Column="42" TopLine="962"/>
      </Position14>
      <Position15>
        <Filename Value="transdb.pas"/>
        <Caret Line="984" Column="33" TopLine="969"/>
      </Position15>
      <Position16>
        <Filename Value="transdb.pas"/>
        <Caret Line="980" Column="76" TopLine="969"/>
      </Position16>
      <Position17>
        <Filename Value="frmsegment_test.pas"/>
        <Caret Line="39" Column="49" TopLine="30"/>
      </Position17>
      <Position18>
        <Filename Value="frmsegment_test.pas"/>
        <Caret Line="40" Column="49" TopLine="31"/>
      </Position18>
      <Position19>
        <Filename Value="frmsegment_test.pas"/>
        <Caret Line="39" Column="49" TopLine="30"/>
      </Position19>
      <Position20>
        <Filename Value="frmsegment_test.pas"/>
        <Caret Line="39" Column="49" TopLine="31"/>
      </Position20>
      <Position21>
        <Filename Value="frmsegment_test.pas"/>
        <Caret Line="40" Column="49" TopLine="32"/>
      </Position21>
      <Position22>
        <Filename Value="frmsegment_test.pas"/>
        <Caret Line="39" Column="49" TopLine="31"/>
      </Position22>
      <Position23>
        <Filename Value="frmsegment_test.pas"/>
        <Caret Line="47" Column="43" TopLine="1"/>
      </Position23>
      <Position24>
        <Filename Value="frmsegment_test.pas"/>
        <Caret Line="3" Column="55" TopLine="1"/>
      </Position24>
      <Position25>
        <Filename Value="transdb.pas"/>
        <Caret Line="57" Column="35" TopLine="57"/>
      </Position25>
    </JumpHistory>
  </ProjectOptions>
  <CompilerOptions>
    <Version Value="11"/>
    <Target>
      <Filename Value="segment_test"/>
    </Target>
    <SearchPaths>
      <IncludeFiles Value="$(ProjOutDir)"/>
      <UnitOutputDirectory Value="lib/$(TargetCPU)-$(TargetOS)"/>
    </SearchPaths>
    <Linking>
      <Options>
        <Win32>
          <GraphicApplication Value="True"/>
        </Win32>
      </Options>
    </Linking>
    <Other>
      <CompilerPath Value="$(CompPath)"/>
    </Other>
  </CompilerOptions>
  <Debugging>
    <Exceptions Count="3">
      <Item1>
        <Name Value="EAbort"/>
      </Item1>
      <Item2>
        <Name Value="ECodetoolError"/>
      </Item2>
      <Item3>
        <Name Value="EFOpenError"/>
      </Item3>
    </Exceptions>
  </Debugging>
</CONFIG>
